
Microsoft Visual Studio Solution File, Format Version 12.00
# Visual Studio Version 17
VisualStudioVersion = 17.3.32922.545
MinimumVisualStudioVersion = 10.0.40219.1
Project("{FAE04EC0-301F-11D3-BF4B-00C04F79EFBC}") = "DataLayer", "DataLayer\DataLayer.csproj", "{8FB57A56-DAE2-487F-8BE1-977905664443}"
EndProject
Project("{FAE04EC0-301F-11D3-BF4B-00C04F79EFBC}") = "Settings", "Settings\Settings.csproj", "{1F62A0ED-F902-480F-A90C-D6CD463C58A6}"
EndProject
Project("{9A19103F-16F7-4668-BE54-9A1E7A4F7556}") = "StreamApi", "StreamApi\StreamApi.csproj", "{90901F6B-10FD-4695-B5DE-8A8C3BD0D633}"
EndProject
Project("{9A19103F-16F7-4668-BE54-9A1E7A4F7556}") = "DatabaseContextCore", "DatabaseContextCore\DatabaseContextCore.csproj", "{7695F885-AD47-45DB-8CE2-3FC173335679}"
EndProject
Project("{9A19103F-16F7-4668-BE54-9A1E7A4F7556}") = "LocalDatabseManagerCore", "LocalDatabseManagerCore\LocalDatabseManagerCore.csproj", "{30CF5491-8C90-4FBA-94AE-A70F9FC7F4F3}"
EndProject
Project("{9A19103F-16F7-4668-BE54-9A1E7A4F7556}") = "MemoryManipulator", "MemoryManipulator\MemoryManipulator.csproj", "{2C0C7C77-F538-4C62-8225-F893C1B6D8A6}"
EndProject
Project("{9A19103F-16F7-4668-BE54-9A1E7A4F7556}") = "SQLContextManager", "SQLContextManager\SQLContextManager.csproj", "{91491FC2-8194-43E6-ACCA-B6ADE6E8C310}"
EndProject
Project("{9A19103F-16F7-4668-BE54-9A1E7A4F7556}") = "JWTManager", "JWTManager\JWTManager.csproj", "{E2A600FA-47AA-4DCD-8394-EA8066F3BFC9}"
EndProject
Project("{9A19103F-16F7-4668-BE54-9A1E7A4F7556}") = "Youtube Contractor", "Youtube Contractor\Youtube Contractor.csproj", "{06AFE382-82EA-4F7C-AFD8-B5675AE011BB}"
EndProject
Project("{9A19103F-16F7-4668-BE54-9A1E7A4F7556}") = "ChatBotYoutube", "ChatBot\ChatBotYoutube.csproj", "{24B1EAD7-0CBA-4869-9B52-6A27CBB43030}"
EndProject
Project("{9A19103F-16F7-4668-BE54-9A1E7A4F7556}") = "StaticDatabase", "StaticDatabase\StaticDatabase.csproj", "{452EDCF4-5236-4B69-9251-24C8189FAB67}"
EndProject
Project("{9A19103F-16F7-4668-BE54-9A1E7A4F7556}") = "Email Sender", "Email Sender\Email Sender.csproj", "{CE253CFE-258D-4480-B703-401B8D563409}"
EndProject
Project("{FAE04EC0-301F-11D3-BF4B-00C04F79EFBC}") = "Coverlay", "Coverlay\Coverlay.csproj", "{704D6B8E-2D21-48D0-ADEB-0A67617177FA}"
EndProject
Global
	GlobalSection(SolutionConfigurationPlatforms) = preSolution
		Debug|Any CPU = Debug|Any CPU
		Release|Any CPU = Release|Any CPU
		XDebug|Any CPU = XDebug|Any CPU
	EndGlobalSection
	GlobalSection(ProjectConfigurationPlatforms) = postSolution
		{8FB57A56-DAE2-487F-8BE1-977905664443}.Debug|Any CPU.ActiveCfg = Debug|Any CPU
		{8FB57A56-DAE2-487F-8BE1-977905664443}.Debug|Any CPU.Build.0 = Debug|Any CPU
		{8FB57A56-DAE2-487F-8BE1-977905664443}.Release|Any CPU.ActiveCfg = Release|Any CPU
		{8FB57A56-DAE2-487F-8BE1-977905664443}.Release|Any CPU.Build.0 = Release|Any CPU
		{8FB57A56-DAE2-487F-8BE1-977905664443}.XDebug|Any CPU.ActiveCfg = Debug|Any CPU
		{8FB57A56-DAE2-487F-8BE1-977905664443}.XDebug|Any CPU.Build.0 = Debug|Any CPU
		{1F62A0ED-F902-480F-A90C-D6CD463C58A6}.Debug|Any CPU.ActiveCfg = Debug|Any CPU
		{1F62A0ED-F902-480F-A90C-D6CD463C58A6}.Debug|Any CPU.Build.0 = Debug|Any CPU
		{1F62A0ED-F902-480F-A90C-D6CD463C58A6}.Release|Any CPU.ActiveCfg = Release|Any CPU
		{1F62A0ED-F902-480F-A90C-D6CD463C58A6}.Release|Any CPU.Build.0 = Release|Any CPU
		{1F62A0ED-F902-480F-A90C-D6CD463C58A6}.XDebug|Any CPU.ActiveCfg = Debug|Any CPU
		{1F62A0ED-F902-480F-A90C-D6CD463C58A6}.XDebug|Any CPU.Build.0 = Debug|Any CPU
		{90901F6B-10FD-4695-B5DE-8A8C3BD0D633}.Debug|Any CPU.ActiveCfg = Debug|Any CPU
		{90901F6B-10FD-4695-B5DE-8A8C3BD0D633}.Debug|Any CPU.Build.0 = Debug|Any CPU
		{90901F6B-10FD-4695-B5DE-8A8C3BD0D633}.Release|Any CPU.ActiveCfg = Release|Any CPU
		{90901F6B-10FD-4695-B5DE-8A8C3BD0D633}.Release|Any CPU.Build.0 = Release|Any CPU
		{90901F6B-10FD-4695-B5DE-8A8C3BD0D633}.XDebug|Any CPU.ActiveCfg = XDebug|Any CPU
		{90901F6B-10FD-4695-B5DE-8A8C3BD0D633}.XDebug|Any CPU.Build.0 = XDebug|Any CPU
		{7695F885-AD47-45DB-8CE2-3FC173335679}.Debug|Any CPU.ActiveCfg = Debug|Any CPU
		{7695F885-AD47-45DB-8CE2-3FC173335679}.Debug|Any CPU.Build.0 = Debug|Any CPU
		{7695F885-AD47-45DB-8CE2-3FC173335679}.Release|Any CPU.ActiveCfg = Release|Any CPU
		{7695F885-AD47-45DB-8CE2-3FC173335679}.Release|Any CPU.Build.0 = Release|Any CPU
		{7695F885-AD47-45DB-8CE2-3FC173335679}.XDebug|Any CPU.ActiveCfg = Debug|Any CPU
		{7695F885-AD47-45DB-8CE2-3FC173335679}.XDebug|Any CPU.Build.0 = Debug|Any CPU
		{30CF5491-8C90-4FBA-94AE-A70F9FC7F4F3}.Debug|Any CPU.ActiveCfg = Debug|Any CPU
		{30CF5491-8C90-4FBA-94AE-A70F9FC7F4F3}.Debug|Any CPU.Build.0 = Debug|Any CPU
		{30CF5491-8C90-4FBA-94AE-A70F9FC7F4F3}.Release|Any CPU.ActiveCfg = Release|Any CPU
		{30CF5491-8C90-4FBA-94AE-A70F9FC7F4F3}.Release|Any CPU.Build.0 = Release|Any CPU
		{30CF5491-8C90-4FBA-94AE-A70F9FC7F4F3}.XDebug|Any CPU.ActiveCfg = Debug|Any CPU
		{30CF5491-8C90-4FBA-94AE-A70F9FC7F4F3}.XDebug|Any CPU.Build.0 = Debug|Any CPU
		{2C0C7C77-F538-4C62-8225-F893C1B6D8A6}.Debug|Any CPU.ActiveCfg = Debug|Any CPU
		{2C0C7C77-F538-4C62-8225-F893C1B6D8A6}.Debug|Any CPU.Build.0 = Debug|Any CPU
		{2C0C7C77-F538-4C62-8225-F893C1B6D8A6}.Release|Any CPU.ActiveCfg = Release|Any CPU
		{2C0C7C77-F538-4C62-8225-F893C1B6D8A6}.Release|Any CPU.Build.0 = Release|Any CPU
		{2C0C7C77-F538-4C62-8225-F893C1B6D8A6}.XDebug|Any CPU.ActiveCfg = Debug|Any CPU
		{2C0C7C77-F538-4C62-8225-F893C1B6D8A6}.XDebug|Any CPU.Build.0 = Debug|Any CPU
		{91491FC2-8194-43E6-ACCA-B6ADE6E8C310}.Debug|Any CPU.ActiveCfg = Debug|Any CPU
		{91491FC2-8194-43E6-ACCA-B6ADE6E8C310}.Debug|Any CPU.Build.0 = Debug|Any CPU
		{91491FC2-8194-43E6-ACCA-B6ADE6E8C310}.Release|Any CPU.ActiveCfg = Release|Any CPU
		{91491FC2-8194-43E6-ACCA-B6ADE6E8C310}.Release|Any CPU.Build.0 = Release|Any CPU
		{91491FC2-8194-43E6-ACCA-B6ADE6E8C310}.XDebug|Any CPU.ActiveCfg = Debug|Any CPU
		{91491FC2-8194-43E6-ACCA-B6ADE6E8C310}.XDebug|Any CPU.Build.0 = Debug|Any CPU
		{E2A600FA-47AA-4DCD-8394-EA8066F3BFC9}.Debug|Any CPU.ActiveCfg = Debug|Any CPU
		{E2A600FA-47AA-4DCD-8394-EA8066F3BFC9}.Debug|Any CPU.Build.0 = Debug|Any CPU
		{E2A600FA-47AA-4DCD-8394-EA8066F3BFC9}.Release|Any CPU.ActiveCfg = Release|Any CPU
		{E2A600FA-47AA-4DCD-8394-EA8066F3BFC9}.Release|Any CPU.Build.0 = Release|Any CPU
		{E2A600FA-47AA-4DCD-8394-EA8066F3BFC9}.XDebug|Any CPU.ActiveCfg = Debug|Any CPU
		{E2A600FA-47AA-4DCD-8394-EA8066F3BFC9}.XDebug|Any CPU.Build.0 = Debug|Any CPU
		{06AFE382-82EA-4F7C-AFD8-B5675AE011BB}.Debug|Any CPU.ActiveCfg = Debug|Any CPU
		{06AFE382-82EA-4F7C-AFD8-B5675AE011BB}.Debug|Any CPU.Build.0 = Debug|Any CPU
		{06AFE382-82EA-4F7C-AFD8-B5675AE011BB}.Release|Any CPU.ActiveCfg = Release|Any CPU
		{06AFE382-82EA-4F7C-AFD8-B5675AE011BB}.Release|Any CPU.Build.0 = Release|Any CPU
		{06AFE382-82EA-4F7C-AFD8-B5675AE011BB}.XDebug|Any CPU.ActiveCfg = Debug|Any CPU
		{06AFE382-82EA-4F7C-AFD8-B5675AE011BB}.XDebug|Any CPU.Build.0 = Debug|Any CPU
		{24B1EAD7-0CBA-4869-9B52-6A27CBB43030}.Debug|Any CPU.ActiveCfg = Debug|Any CPU
		{24B1EAD7-0CBA-4869-9B52-6A27CBB43030}.Debug|Any CPU.Build.0 = Debug|Any CPU
		{24B1EAD7-0CBA-4869-9B52-6A27CBB43030}.Release|Any CPU.ActiveCfg = Release|Any CPU
		{24B1EAD7-0CBA-4869-9B52-6A27CBB43030}.Release|Any CPU.Build.0 = Release|Any CPU
		{24B1EAD7-0CBA-4869-9B52-6A27CBB43030}.XDebug|Any CPU.ActiveCfg = Debug|Any CPU
		{24B1EAD7-0CBA-4869-9B52-6A27CBB43030}.XDebug|Any CPU.Build.0 = Debug|Any CPU
		{452EDCF4-5236-4B69-9251-24C8189FAB67}.Debug|Any CPU.ActiveCfg = Debug|Any CPU
		{452EDCF4-5236-4B69-9251-24C8189FAB67}.Debug|Any CPU.Build.0 = Debug|Any CPU
		{452EDCF4-5236-4B69-9251-24C8189FAB67}.Release|Any CPU.ActiveCfg = Release|Any CPU
		{452EDCF4-5236-4B69-9251-24C8189FAB67}.Release|Any CPU.Build.0 = Release|Any CPU
		{452EDCF4-5236-4B69-9251-24C8189FAB67}.XDebug|Any CPU.ActiveCfg = Debug|Any CPU
		{452EDCF4-5236-4B69-9251-24C8189FAB67}.XDebug|Any CPU.Build.0 = Debug|Any CPU
		{CE253CFE-258D-4480-B703-401B8D563409}.Debug|Any CPU.ActiveCfg = Debug|Any CPU
		{CE253CFE-258D-4480-B703-401B8D563409}.Debug|Any CPU.Build.0 = Debug|Any CPU
		{CE253CFE-258D-4480-B703-401B8D563409}.Release|Any CPU.ActiveCfg = Release|Any CPU
		{CE253CFE-258D-4480-B703-401B8D563409}.Release|Any CPU.Build.0 = Release|Any CPU
		{CE253CFE-258D-4480-B703-401B8D563409}.XDebug|Any CPU.ActiveCfg = Debug|Any CPU
		{CE253CFE-258D-4480-B703-401B8D563409}.XDebug|Any CPU.Build.0 = Debug|Any CPU
		{704D6B8E-2D21-48D0-ADEB-0A67617177FA}.Debug|Any CPU.ActiveCfg = Debug|Any CPU
		{704D6B8E-2D21-48D0-ADEB-0A67617177FA}.Debug|Any CPU.Build.0 = Debug|Any CPU
		{704D6B8E-2D21-48D0-ADEB-0A67617177FA}.Release|Any CPU.ActiveCfg = Release|Any CPU
		{704D6B8E-2D21-48D0-ADEB-0A67617177FA}.Release|Any CPU.Build.0 = Release|Any CPU
		{704D6B8E-2D21-48D0-ADEB-0A67617177FA}.XDebug|Any CPU.ActiveCfg = Debug|Any CPU
		{704D6B8E-2D21-48D0-ADEB-0A67617177FA}.XDebug|Any CPU.Build.0 = Debug|Any CPU
	EndGlobalSection
	GlobalSection(SolutionProperties) = preSolution
		HideSolutionNode = FALSE
	EndGlobalSection
	GlobalSection(ExtensibilityGlobals) = postSolution
		SolutionGuid = {9DA698B1-F581-4B44-A027-6423C8246079}
	EndGlobalSection
EndGlobal
